{
    "name": "cloud-rustc",
    "version": "1.0.0",
    "lockfileVersion": 1,
    "requires": true,
    "dependencies": {
        "ansi-styles": {
            "version": "4.3.0",
            "resolved": "http://npm.dehuinet.com:8100/ansi-styles/-/ansi-styles-4.3.0.tgz",
            "integrity": "sha1-7dgDYornHATIWuegkG7a00tkiTc=",
            "requires": {
                "color-convert": "^2.0.1"
            }
        },
        "at-least-node": {
            "version": "1.0.0",
            "resolved": "http://npm.dehuinet.com:8100/at-least-node/-/at-least-node-1.0.0.tgz",
            "integrity": "sha1-YCzUtG6EStTv/JKoARo8RuAjjcI="
        },
        "chalk": {
            "version": "4.1.0",
            "resolved": "http://npm.dehuinet.com:8100/chalk/-/chalk-4.1.0.tgz",
            "integrity": "sha1-ThSHCmGNni7dl92DRf2dncMVZGo=",
            "requires": {
                "ansi-styles": "^4.1.0",
                "supports-color": "^7.1.0"
            }
        },
        "color-convert": {
            "version": "2.0.1",
            "resolved": "http://npm.dehuinet.com:8100/color-convert/-/color-convert-2.0.1.tgz",
            "integrity": "sha1-ctOmjVmMm9s68q0ehPIdiWq9TeM=",
            "requires": {
                "color-name": "~1.1.4"
            }
        },
        "color-name": {
            "version": "1.1.4",
            "resolved": "http://npm.dehuinet.com:8100/color-name/-/color-name-1.1.4.tgz",
            "integrity": "sha1-wqCah6y95pVD3m9j+jmVyCbFNqI="
        },
        "commander": {
            "version": "6.1.0",
            "resolved": "http://npm.dehuinet.com:8100/commander/-/commander-6.1.0.tgz",
            "integrity": "sha1-+Ncit4EDFBAGtm9Me6HpcxW6dbw="
        },
        "fs-extra": {
            "version": "9.0.1",
            "resolved": "http://npm.dehuinet.com:8100/fs-extra/-/fs-extra-9.0.1.tgz",
            "integrity": "sha1-kQ2gBiQ3ukw5/t2GPxZ1zP78ufw=",
            "requires": {
                "at-least-node": "^1.0.0",
                "graceful-fs": "^4.2.0",
                "jsonfile": "^6.0.1",
                "universalify": "^1.0.0"
            }
        },
        "graceful-fs": {
            "version": "4.2.4",
            "resolved": "http://npm.dehuinet.com:8100/graceful-fs/-/graceful-fs-4.2.4.tgz",
            "integrity": "sha1-Ila94U02MpWMRl68ltxGfKB6Kfs="
        },
        "has-flag": {
            "version": "4.0.0",
            "resolved": "http://npm.dehuinet.com:8100/has-flag/-/has-flag-4.0.0.tgz",
            "integrity": "sha1-lEdx/ZyByBJlxNaUGGDaBrtZR5s="
        },
        "jsonfile": {
            "version": "6.0.1",
            "resolved": "http://npm.dehuinet.com:8100/jsonfile/-/jsonfile-6.0.1.tgz",
            "integrity": "sha1-mJZsuiFDeMjIS4LghZB7QL9hQXk=",
            "requires": {
                "graceful-fs": "^4.1.6",
                "universalify": "^1.0.0"
            }
        },
        "supports-color": {
            "version": "7.2.0",
            "resolved": "http://npm.dehuinet.com:8100/supports-color/-/supports-color-7.2.0.tgz",
            "integrity": "sha1-G33NyzK4E4gBs+R4umpRyqiWSNo=",
            "requires": {
                "has-flag": "^4.0.0"
            }
        },
        "universalify": {
            "version": "1.0.0",
            "resolved": "http://npm.dehuinet.com:8100/universalify/-/universalify-1.0.0.tgz",
            "integrity": "sha1-thodoXPoQ1sv48Z9Kbmt+FlL0W0="
        }
    }
}
